// !$*UTF8*$!
{
	archiveVersion = 1;
	classes = {
	};
	objectVersion = 56;
	objects = {

/* Begin PBXBuildFile section */
		691C0F49849EEDE058E1E9C9 /* Pods_WeightMonitor.framework in Frameworks */ = {isa = PBXBuildFile; fileRef = 2F5C37009FAB4A85CE720DA0 /* Pods_WeightMonitor.framework */; };
		F959705F2A08404A00FEA6B4 /* PredicateBuilder.swift in Sources */ = {isa = PBXBuildFile; fileRef = F959705E2A08404A00FEA6B4 /* PredicateBuilder.swift */; };
		F975E6372A0169EF00DB955C /* CoreDataModel.xcdatamodeld in Sources */ = {isa = PBXBuildFile; fileRef = F975E6352A0169EF00DB955C /* CoreDataModel.xcdatamodeld */; };
		F975E6392A016A7100DB955C /* WeightRecordStore.swift in Sources */ = {isa = PBXBuildFile; fileRef = F975E6382A016A7100DB955C /* WeightRecordStore.swift */; };
		F975E63B2A016CEB00DB955C /* DataProvider.swift in Sources */ = {isa = PBXBuildFile; fileRef = F975E63A2A016CEB00DB955C /* DataProvider.swift */; };
		F975E63D2A016E6D00DB955C /* Context.swift in Sources */ = {isa = PBXBuildFile; fileRef = F975E63C2A016E6D00DB955C /* Context.swift */; };
		F975E63F2A01854800DB955C /* Observable.swift in Sources */ = {isa = PBXBuildFile; fileRef = F975E63E2A01854800DB955C /* Observable.swift */; };
		F975E6442A01A87C00DB955C /* WeightHistoryCellViewModel.swift in Sources */ = {isa = PBXBuildFile; fileRef = F975E6432A01A87C00DB955C /* WeightHistoryCellViewModel.swift */; };
		F975E6462A01D39400DB955C /* WeightRecordCoreData.swift in Sources */ = {isa = PBXBuildFile; fileRef = F975E6452A01D39400DB955C /* WeightRecordCoreData.swift */; };
		F97E3C212A013F75001C252E /* AppDelegate.swift in Sources */ = {isa = PBXBuildFile; fileRef = F97E3C202A013F75001C252E /* AppDelegate.swift */; };
		F97E3C232A013F75001C252E /* SceneDelegate.swift in Sources */ = {isa = PBXBuildFile; fileRef = F97E3C222A013F75001C252E /* SceneDelegate.swift */; };
		F97E3C252A013F75001C252E /* WeightHistoryViewController.swift in Sources */ = {isa = PBXBuildFile; fileRef = F97E3C242A013F75001C252E /* WeightHistoryViewController.swift */; };
		F97E3C282A013F75001C252E /* Main.storyboard in Resources */ = {isa = PBXBuildFile; fileRef = F97E3C262A013F75001C252E /* Main.storyboard */; };
		F97E3C2A2A013F77001C252E /* Assets.xcassets in Resources */ = {isa = PBXBuildFile; fileRef = F97E3C292A013F77001C252E /* Assets.xcassets */; };
		F97E3C2D2A013F77001C252E /* LaunchScreen.storyboard in Resources */ = {isa = PBXBuildFile; fileRef = F97E3C2B2A013F77001C252E /* LaunchScreen.storyboard */; };
		F97E3C532A014895001C252E /* WeightHistoryViewModel.swift in Sources */ = {isa = PBXBuildFile; fileRef = F97E3C522A014895001C252E /* WeightHistoryViewModel.swift */; };
		F97E3C5B2A014CC6001C252E /* WeightUnitService.swift in Sources */ = {isa = PBXBuildFile; fileRef = F97E3C5A2A014CC6001C252E /* WeightUnitService.swift */; };
		F97E3C602A01546C001C252E /* UIView+Extension.swift in Sources */ = {isa = PBXBuildFile; fileRef = F97E3C5F2A01546C001C252E /* UIView+Extension.swift */; };
		F97E3C622A0155EB001C252E /* UITableView+Extension.swift in Sources */ = {isa = PBXBuildFile; fileRef = F97E3C612A0155EB001C252E /* UITableView+Extension.swift */; };
		F97E3C642A015636001C252E /* WeightHistoryCell.swift in Sources */ = {isa = PBXBuildFile; fileRef = F97E3C632A015636001C252E /* WeightHistoryCell.swift */; };
		F97E3C662A0159B8001C252E /* UIColor+Extension.swift in Sources */ = {isa = PBXBuildFile; fileRef = F97E3C652A0159B8001C252E /* UIColor+Extension.swift */; };
		F9B4BF282A07C64B00CB2F56 /* UserInput.swift in Sources */ = {isa = PBXBuildFile; fileRef = F9B4BF272A07C64B00CB2F56 /* UserInput.swift */; };
		F9B4BF2B2A08080400CB2F56 /* UIDate+Extension.swift in Sources */ = {isa = PBXBuildFile; fileRef = F9B4BF2A2A08080400CB2F56 /* UIDate+Extension.swift */; };
		F9B9A7912A128DFA00A5BB27 /* Localizable.strings in Resources */ = {isa = PBXBuildFile; fileRef = F9B9A7932A128DFA00A5BB27 /* Localizable.strings */; };
		F9B9A7972A128F0E00A5BB27 /* Strings+Generated.swift in Sources */ = {isa = PBXBuildFile; fileRef = F9B9A7962A128F0E00A5BB27 /* Strings+Generated.swift */; };
		F9B9A7992A12911C00A5BB27 /* Colors.xcassets in Resources */ = {isa = PBXBuildFile; fileRef = F9B9A7982A12911C00A5BB27 /* Colors.xcassets */; };
		F9B9A79B2A12935200A5BB27 /* XCAssets+Generated.swift in Sources */ = {isa = PBXBuildFile; fileRef = F9B9A79A2A12935200A5BB27 /* XCAssets+Generated.swift */; };
		F9BE328A2A02C47A0079E485 /* WeightHistoryRecord.swift in Sources */ = {isa = PBXBuildFile; fileRef = F9BE32892A02C47A0079E485 /* WeightHistoryRecord.swift */; };
		F9BE328E2A03C6580079E485 /* WeightHistoryTableViewHeaderView.swift in Sources */ = {isa = PBXBuildFile; fileRef = F9BE328D2A03C6580079E485 /* WeightHistoryTableViewHeaderView.swift */; };
		F9BE32902A03CFA00079E485 /* UIImageExtension.swift in Sources */ = {isa = PBXBuildFile; fileRef = F9BE328F2A03CFA00079E485 /* UIImageExtension.swift */; };
		F9BE32922A03D12A0079E485 /* WeightHistoryHeaderView.swift in Sources */ = {isa = PBXBuildFile; fileRef = F9BE32912A03D12A0079E485 /* WeightHistoryHeaderView.swift */; };
		F9BE32952A0404EC0079E485 /* AddWeightView.swift in Sources */ = {isa = PBXBuildFile; fileRef = F9BE32942A0404EC0079E485 /* AddWeightView.swift */; };
		F9BE32972A0410710079E485 /* StringFormatter.swift in Sources */ = {isa = PBXBuildFile; fileRef = F9BE32962A0410710079E485 /* StringFormatter.swift */; };
		F9BE32992A04108B0079E485 /* Formatters.swift in Sources */ = {isa = PBXBuildFile; fileRef = F9BE32982A04108B0079E485 /* Formatters.swift */; };
		F9ED5E982A0521F30016FB35 /* UIViewController+Extension.swift in Sources */ = {isa = PBXBuildFile; fileRef = F9ED5E972A0521F30016FB35 /* UIViewController+Extension.swift */; };
		F9ED5E9A2A054B010016FB35 /* AddWeightViewModel.swift in Sources */ = {isa = PBXBuildFile; fileRef = F9ED5E992A054B010016FB35 /* AddWeightViewModel.swift */; };
/* End PBXBuildFile section */

/* Begin PBXFileReference section */
		2F5C37009FAB4A85CE720DA0 /* Pods_WeightMonitor.framework */ = {isa = PBXFileReference; explicitFileType = wrapper.framework; includeInIndex = 0; path = Pods_WeightMonitor.framework; sourceTree = BUILT_PRODUCTS_DIR; };
		483BE8A5D82EAECC8582C60C /* Pods-WeightMonitor.debug.xcconfig */ = {isa = PBXFileReference; includeInIndex = 1; lastKnownFileType = text.xcconfig; name = "Pods-WeightMonitor.debug.xcconfig"; path = "Target Support Files/Pods-WeightMonitor/Pods-WeightMonitor.debug.xcconfig"; sourceTree = "<group>"; };
		EDFF032653388B986A92C4F3 /* Pods-WeightMonitor.release.xcconfig */ = {isa = PBXFileReference; includeInIndex = 1; lastKnownFileType = text.xcconfig; name = "Pods-WeightMonitor.release.xcconfig"; path = "Target Support Files/Pods-WeightMonitor/Pods-WeightMonitor.release.xcconfig"; sourceTree = "<group>"; };
		F959705E2A08404A00FEA6B4 /* PredicateBuilder.swift */ = {isa = PBXFileReference; lastKnownFileType = sourcecode.swift; path = PredicateBuilder.swift; sourceTree = "<group>"; };
		F96C4E6E2A151CA200505F3F /* ru */ = {isa = PBXFileReference; lastKnownFileType = text.plist.strings; name = ru; path = ru.lproj/Localizable.strings; sourceTree = "<group>"; };
		F975E6362A0169EF00DB955C /* WeightRecordCoreData.xcdatamodel */ = {isa = PBXFileReference; lastKnownFileType = wrapper.xcdatamodel; path = WeightRecordCoreData.xcdatamodel; sourceTree = "<group>"; };
		F975E6382A016A7100DB955C /* WeightRecordStore.swift */ = {isa = PBXFileReference; lastKnownFileType = sourcecode.swift; path = WeightRecordStore.swift; sourceTree = "<group>"; };
		F975E63A2A016CEB00DB955C /* DataProvider.swift */ = {isa = PBXFileReference; lastKnownFileType = sourcecode.swift; path = DataProvider.swift; sourceTree = "<group>"; };
		F975E63C2A016E6D00DB955C /* Context.swift */ = {isa = PBXFileReference; lastKnownFileType = sourcecode.swift; path = Context.swift; sourceTree = "<group>"; };
		F975E63E2A01854800DB955C /* Observable.swift */ = {isa = PBXFileReference; lastKnownFileType = sourcecode.swift; path = Observable.swift; sourceTree = "<group>"; };
		F975E6432A01A87C00DB955C /* WeightHistoryCellViewModel.swift */ = {isa = PBXFileReference; lastKnownFileType = sourcecode.swift; path = WeightHistoryCellViewModel.swift; sourceTree = "<group>"; };
		F975E6452A01D39400DB955C /* WeightRecordCoreData.swift */ = {isa = PBXFileReference; lastKnownFileType = sourcecode.swift; path = WeightRecordCoreData.swift; sourceTree = "<group>"; };
		F97E3C1D2A013F75001C252E /* WeightMonitor.app */ = {isa = PBXFileReference; explicitFileType = wrapper.application; includeInIndex = 0; path = WeightMonitor.app; sourceTree = BUILT_PRODUCTS_DIR; };
		F97E3C202A013F75001C252E /* AppDelegate.swift */ = {isa = PBXFileReference; lastKnownFileType = sourcecode.swift; path = AppDelegate.swift; sourceTree = "<group>"; };
		F97E3C222A013F75001C252E /* SceneDelegate.swift */ = {isa = PBXFileReference; lastKnownFileType = sourcecode.swift; path = SceneDelegate.swift; sourceTree = "<group>"; };
		F97E3C242A013F75001C252E /* WeightHistoryViewController.swift */ = {isa = PBXFileReference; lastKnownFileType = sourcecode.swift; path = WeightHistoryViewController.swift; sourceTree = "<group>"; };
		F97E3C272A013F75001C252E /* Base */ = {isa = PBXFileReference; lastKnownFileType = file.storyboard; name = Base; path = Base.lproj/Main.storyboard; sourceTree = "<group>"; };
		F97E3C292A013F77001C252E /* Assets.xcassets */ = {isa = PBXFileReference; lastKnownFileType = folder.assetcatalog; path = Assets.xcassets; sourceTree = "<group>"; };
		F97E3C2C2A013F77001C252E /* Base */ = {isa = PBXFileReference; lastKnownFileType = file.storyboard; name = Base; path = Base.lproj/LaunchScreen.storyboard; sourceTree = "<group>"; };
		F97E3C2E2A013F77001C252E /* Info.plist */ = {isa = PBXFileReference; lastKnownFileType = text.plist.xml; path = Info.plist; sourceTree = "<group>"; };
		F97E3C522A014895001C252E /* WeightHistoryViewModel.swift */ = {isa = PBXFileReference; lastKnownFileType = sourcecode.swift; path = WeightHistoryViewModel.swift; sourceTree = "<group>"; };
		F97E3C5A2A014CC6001C252E /* WeightUnitService.swift */ = {isa = PBXFileReference; lastKnownFileType = sourcecode.swift; path = WeightUnitService.swift; sourceTree = "<group>"; };
		F97E3C5F2A01546C001C252E /* UIView+Extension.swift */ = {isa = PBXFileReference; lastKnownFileType = sourcecode.swift; path = "UIView+Extension.swift"; sourceTree = "<group>"; };
		F97E3C612A0155EB001C252E /* UITableView+Extension.swift */ = {isa = PBXFileReference; lastKnownFileType = sourcecode.swift; path = "UITableView+Extension.swift"; sourceTree = "<group>"; };
		F97E3C632A015636001C252E /* WeightHistoryCell.swift */ = {isa = PBXFileReference; lastKnownFileType = sourcecode.swift; path = WeightHistoryCell.swift; sourceTree = "<group>"; };
		F97E3C652A0159B8001C252E /* UIColor+Extension.swift */ = {isa = PBXFileReference; lastKnownFileType = sourcecode.swift; path = "UIColor+Extension.swift"; sourceTree = "<group>"; };
		F9B4BF272A07C64B00CB2F56 /* UserInput.swift */ = {isa = PBXFileReference; lastKnownFileType = sourcecode.swift; path = UserInput.swift; sourceTree = "<group>"; };
		F9B4BF2A2A08080400CB2F56 /* UIDate+Extension.swift */ = {isa = PBXFileReference; lastKnownFileType = sourcecode.swift; path = "UIDate+Extension.swift"; sourceTree = "<group>"; };
		F9B9A7922A128DFA00A5BB27 /* en */ = {isa = PBXFileReference; lastKnownFileType = text.plist.strings; name = en; path = en.lproj/Localizable.strings; sourceTree = "<group>"; };
		F9B9A7962A128F0E00A5BB27 /* Strings+Generated.swift */ = {isa = PBXFileReference; fileEncoding = 4; lastKnownFileType = sourcecode.swift; path = "Strings+Generated.swift"; sourceTree = "<group>"; };
		F9B9A7982A12911C00A5BB27 /* Colors.xcassets */ = {isa = PBXFileReference; lastKnownFileType = folder.assetcatalog; path = Colors.xcassets; sourceTree = "<group>"; };
		F9B9A79A2A12935200A5BB27 /* XCAssets+Generated.swift */ = {isa = PBXFileReference; fileEncoding = 4; lastKnownFileType = sourcecode.swift; path = "XCAssets+Generated.swift"; sourceTree = "<group>"; };
		F9BE32892A02C47A0079E485 /* WeightHistoryRecord.swift */ = {isa = PBXFileReference; lastKnownFileType = sourcecode.swift; path = WeightHistoryRecord.swift; sourceTree = "<group>"; };
		F9BE328D2A03C6580079E485 /* WeightHistoryTableViewHeaderView.swift */ = {isa = PBXFileReference; lastKnownFileType = sourcecode.swift; path = WeightHistoryTableViewHeaderView.swift; sourceTree = "<group>"; };
		F9BE328F2A03CFA00079E485 /* UIImageExtension.swift */ = {isa = PBXFileReference; lastKnownFileType = sourcecode.swift; path = UIImageExtension.swift; sourceTree = "<group>"; };
		F9BE32912A03D12A0079E485 /* WeightHistoryHeaderView.swift */ = {isa = PBXFileReference; lastKnownFileType = sourcecode.swift; path = WeightHistoryHeaderView.swift; sourceTree = "<group>"; };
		F9BE32942A0404EC0079E485 /* AddWeightView.swift */ = {isa = PBXFileReference; lastKnownFileType = sourcecode.swift; path = AddWeightView.swift; sourceTree = "<group>"; };
		F9BE32962A0410710079E485 /* StringFormatter.swift */ = {isa = PBXFileReference; lastKnownFileType = sourcecode.swift; path = StringFormatter.swift; sourceTree = "<group>"; };
		F9BE32982A04108B0079E485 /* Formatters.swift */ = {isa = PBXFileReference; lastKnownFileType = sourcecode.swift; path = Formatters.swift; sourceTree = "<group>"; };
		F9ED5E972A0521F30016FB35 /* UIViewController+Extension.swift */ = {isa = PBXFileReference; lastKnownFileType = sourcecode.swift; path = "UIViewController+Extension.swift"; sourceTree = "<group>"; };
		F9ED5E992A054B010016FB35 /* AddWeightViewModel.swift */ = {isa = PBXFileReference; lastKnownFileType = sourcecode.swift; path = AddWeightViewModel.swift; sourceTree = "<group>"; };
/* End PBXFileReference section */

/* Begin PBXFrameworksBuildPhase section */
		F97E3C1A2A013F75001C252E /* Frameworks */ = {
			isa = PBXFrameworksBuildPhase;
			buildActionMask = 2147483647;
			files = (
				691C0F49849EEDE058E1E9C9 /* Pods_WeightMonitor.framework in Frameworks */,
			);
			runOnlyForDeploymentPostprocessing = 0;
		};
/* End PBXFrameworksBuildPhase section */

/* Begin PBXGroup section */
		9D22C1FD29E3F20439A42C34 /* Pods */ = {
			isa = PBXGroup;
			children = (
				483BE8A5D82EAECC8582C60C /* Pods-WeightMonitor.debug.xcconfig */,
				EDFF032653388B986A92C4F3 /* Pods-WeightMonitor.release.xcconfig */,
			);
			path = Pods;
			sourceTree = "<group>";
		};
		DEE2BD95CE7E7751C89D7C30 /* Frameworks */ = {
			isa = PBXGroup;
			children = (
				2F5C37009FAB4A85CE720DA0 /* Pods_WeightMonitor.framework */,
			);
			name = Frameworks;
			sourceTree = "<group>";
		};
		F959705D2A08314600FEA6B4 /* App */ = {
			isa = PBXGroup;
			children = (
				F97E3C222A013F75001C252E /* SceneDelegate.swift */,
				F97E3C202A013F75001C252E /* AppDelegate.swift */,
			);
			path = App;
			sourceTree = "<group>";
		};
		F975E6342A0169BE00DB955C /* CoreDataWeightRecord */ = {
			isa = PBXGroup;
			children = (
				F975E6352A0169EF00DB955C /* CoreDataModel.xcdatamodeld */,
				F975E63C2A016E6D00DB955C /* Context.swift */,
				F975E63A2A016CEB00DB955C /* DataProvider.swift */,
				F975E6382A016A7100DB955C /* WeightRecordStore.swift */,
				F959705E2A08404A00FEA6B4 /* PredicateBuilder.swift */,
				F975E6452A01D39400DB955C /* WeightRecordCoreData.swift */,
			);
			path = CoreDataWeightRecord;
			sourceTree = "<group>";
		};
		F975E6402A01A83300DB955C /* Model */ = {
			isa = PBXGroup;
			children = (
				F9BE32892A02C47A0079E485 /* WeightHistoryRecord.swift */,
			);
			path = Model;
			sourceTree = "<group>";
		};
		F975E6412A01A83B00DB955C /* View */ = {
			isa = PBXGroup;
			children = (
				F97E3C242A013F75001C252E /* WeightHistoryViewController.swift */,
				F9BE32912A03D12A0079E485 /* WeightHistoryHeaderView.swift */,
				F9BE328D2A03C6580079E485 /* WeightHistoryTableViewHeaderView.swift */,
				F97E3C632A015636001C252E /* WeightHistoryCell.swift */,
			);
			path = View;
			sourceTree = "<group>";
		};
		F975E6422A01A84D00DB955C /* ViewModel */ = {
			isa = PBXGroup;
			children = (
				F97E3C522A014895001C252E /* WeightHistoryViewModel.swift */,
				F975E6432A01A87C00DB955C /* WeightHistoryCellViewModel.swift */,
			);
			path = ViewModel;
			sourceTree = "<group>";
		};
		F97E3C142A013F75001C252E = {
			isa = PBXGroup;
			children = (
				F97E3C1F2A013F75001C252E /* WeightMonitor */,
				F97E3C1E2A013F75001C252E /* Products */,
				9D22C1FD29E3F20439A42C34 /* Pods */,
				DEE2BD95CE7E7751C89D7C30 /* Frameworks */,
			);
			sourceTree = "<group>";
		};
		F97E3C1E2A013F75001C252E /* Products */ = {
			isa = PBXGroup;
			children = (
				F97E3C1D2A013F75001C252E /* WeightMonitor.app */,
			);
			name = Products;
			sourceTree = "<group>";
		};
		F97E3C1F2A013F75001C252E /* WeightMonitor */ = {
			isa = PBXGroup;
			children = (
				F959705D2A08314600FEA6B4 /* App */,
				F97E3C562A01497A001C252E /* Flow */,
				F975E6342A0169BE00DB955C /* CoreDataWeightRecord */,
				F97E3C572A01498C001C252E /* Helper */,
				F9B9A78E2A128BE600A5BB27 /* Generated */,
				F97E3C582A0149AE001C252E /* Resources */,
				F97E3C2E2A013F77001C252E /* Info.plist */,
			);
			path = WeightMonitor;
			sourceTree = "<group>";
		};
		F97E3C562A01497A001C252E /* Flow */ = {
			isa = PBXGroup;
			children = (
				F97E3C592A0149D2001C252E /* WeightHistory */,
				F9BE32932A0404D30079E485 /* WeightCreation */,
			);
			path = Flow;
			sourceTree = "<group>";
		};
		F97E3C572A01498C001C252E /* Helper */ = {
			isa = PBXGroup;
			children = (
				F975E63E2A01854800DB955C /* Observable.swift */,
				F9BE32982A04108B0079E485 /* Formatters.swift */,
				F9BE32962A0410710079E485 /* StringFormatter.swift */,
				F97E3C5A2A014CC6001C252E /* WeightUnitService.swift */,
			);
			path = Helper;
			sourceTree = "<group>";
		};
		F97E3C582A0149AE001C252E /* Resources */ = {
			isa = PBXGroup;
			children = (
				F97E3C262A013F75001C252E /* Main.storyboard */,
				F97E3C292A013F77001C252E /* Assets.xcassets */,
				F9B9A7982A12911C00A5BB27 /* Colors.xcassets */,
				F9B9A7932A128DFA00A5BB27 /* Localizable.strings */,
				F97E3C2B2A013F77001C252E /* LaunchScreen.storyboard */,
				F97E3C5F2A01546C001C252E /* UIView+Extension.swift */,
				F9BE328F2A03CFA00079E485 /* UIImageExtension.swift */,
				F97E3C652A0159B8001C252E /* UIColor+Extension.swift */,
				F9B4BF2A2A08080400CB2F56 /* UIDate+Extension.swift */,
				F97E3C612A0155EB001C252E /* UITableView+Extension.swift */,
				F9ED5E972A0521F30016FB35 /* UIViewController+Extension.swift */,
			);
			path = Resources;
			sourceTree = "<group>";
		};
		F97E3C592A0149D2001C252E /* WeightHistory */ = {
			isa = PBXGroup;
			children = (
				F975E6412A01A83B00DB955C /* View */,
				F975E6422A01A84D00DB955C /* ViewModel */,
				F975E6402A01A83300DB955C /* Model */,
			);
			path = WeightHistory;
			sourceTree = "<group>";
		};
		F9B4BF252A07C29C00CB2F56 /* View */ = {
			isa = PBXGroup;
			children = (
				F9BE32942A0404EC0079E485 /* AddWeightView.swift */,
			);
			path = View;
			sourceTree = "<group>";
		};
		F9B4BF262A07C2A300CB2F56 /* ViewModel */ = {
			isa = PBXGroup;
			children = (
				F9ED5E992A054B010016FB35 /* AddWeightViewModel.swift */,
			);
			path = ViewModel;
			sourceTree = "<group>";
		};
		F9B4BF292A07C65000CB2F56 /* Model */ = {
			isa = PBXGroup;
			children = (
				F9B4BF272A07C64B00CB2F56 /* UserInput.swift */,
			);
			path = Model;
			sourceTree = "<group>";
		};
		F9B9A78E2A128BE600A5BB27 /* Generated */ = {
			isa = PBXGroup;
			children = (
				F9B9A79A2A12935200A5BB27 /* XCAssets+Generated.swift */,
				F9B9A7962A128F0E00A5BB27 /* Strings+Generated.swift */,
			);
			path = Generated;
			sourceTree = "<group>";
		};
		F9BE32932A0404D30079E485 /* WeightCreation */ = {
			isa = PBXGroup;
			children = (
				F9B4BF252A07C29C00CB2F56 /* View */,
				F9B4BF262A07C2A300CB2F56 /* ViewModel */,
				F9B4BF292A07C65000CB2F56 /* Model */,
			);
			path = WeightCreation;
			sourceTree = "<group>";
		};
/* End PBXGroup section */

/* Begin PBXNativeTarget section */
		F97E3C1C2A013F75001C252E /* WeightMonitor */ = {
			isa = PBXNativeTarget;
			buildConfigurationList = F97E3C472A013F78001C252E /* Build configuration list for PBXNativeTarget "WeightMonitor" */;
			buildPhases = (
				82CB4C775F533BF43F0EA43A /* [CP] Check Pods Manifest.lock */,
				F9B9A78D2A128B9200A5BB27 /* ShellScript */,
				F97E3C192A013F75001C252E /* Sources */,
				F97E3C1A2A013F75001C252E /* Frameworks */,
				F97E3C1B2A013F75001C252E /* Resources */,
			);
			buildRules = (
			);
			dependencies = (
			);
			name = WeightMonitor;
			productName = WeightMonitor;
			productReference = F97E3C1D2A013F75001C252E /* WeightMonitor.app */;
			productType = "com.apple.product-type.application";
		};
/* End PBXNativeTarget section */

/* Begin PBXProject section */
		F97E3C152A013F75001C252E /* Project object */ = {
			isa = PBXProject;
			attributes = {
				BuildIndependentTargetsInParallel = 1;
				LastSwiftUpdateCheck = 1430;
				LastUpgradeCheck = 1430;
				TargetAttributes = {
					F97E3C1C2A013F75001C252E = {
						CreatedOnToolsVersion = 14.3;
					};
				};
			};
			buildConfigurationList = F97E3C182A013F75001C252E /* Build configuration list for PBXProject "WeightMonitor" */;
			compatibilityVersion = "Xcode 14.0";
			developmentRegion = en;
			hasScannedForEncodings = 0;
			knownRegions = (
				en,
				Base,
				ru,
			);
			mainGroup = F97E3C142A013F75001C252E;
			productRefGroup = F97E3C1E2A013F75001C252E /* Products */;
			projectDirPath = "";
			projectRoot = "";
			targets = (
				F97E3C1C2A013F75001C252E /* WeightMonitor */,
			);
		};
/* End PBXProject section */

/* Begin PBXResourcesBuildPhase section */
		F97E3C1B2A013F75001C252E /* Resources */ = {
			isa = PBXResourcesBuildPhase;
			buildActionMask = 2147483647;
			files = (
				F9B9A7992A12911C00A5BB27 /* Colors.xcassets in Resources */,
				F97E3C2D2A013F77001C252E /* LaunchScreen.storyboard in Resources */,
				F9B9A7912A128DFA00A5BB27 /* Localizable.strings in Resources */,
				F97E3C2A2A013F77001C252E /* Assets.xcassets in Resources */,
				F97E3C282A013F75001C252E /* Main.storyboard in Resources */,
			);
			runOnlyForDeploymentPostprocessing = 0;
		};
/* End PBXResourcesBuildPhase section */

/* Begin PBXShellScriptBuildPhase section */
		82CB4C775F533BF43F0EA43A /* [CP] Check Pods Manifest.lock */ = {
			isa = PBXShellScriptBuildPhase;
			buildActionMask = 2147483647;
			files = (
			);
			inputFileListPaths = (
			);
			inputPaths = (
				"${PODS_PODFILE_DIR_PATH}/Podfile.lock",
				"${PODS_ROOT}/Manifest.lock",
			);
			name = "[CP] Check Pods Manifest.lock";
			outputFileListPaths = (
			);
			outputPaths = (
				"$(DERIVED_FILE_DIR)/Pods-WeightMonitor-checkManifestLockResult.txt",
			);
			runOnlyForDeploymentPostprocessing = 0;
			shellPath = /bin/sh;
			shellScript = "diff \"${PODS_PODFILE_DIR_PATH}/Podfile.lock\" \"${PODS_ROOT}/Manifest.lock\" > /dev/null\nif [ $? != 0 ] ; then\n    # print error to STDERR\n    echo \"error: The sandbox is not in sync with the Podfile.lock. Run 'pod install' or update your CocoaPods installation.\" >&2\n    exit 1\nfi\n# This output is used by Xcode 'outputs' to avoid re-running this script phase.\necho \"SUCCESS\" > \"${SCRIPT_OUTPUT_FILE_0}\"\n";
			showEnvVarsInLog = 0;
		};
		F9B9A78D2A128B9200A5BB27 /* ShellScript */ = {
			isa = PBXShellScriptBuildPhase;
			buildActionMask = 2147483647;
			files = (
			);
			inputFileListPaths = (
			);
			inputPaths = (
			);
			outputFileListPaths = (
			);
			outputPaths = (
			);
			runOnlyForDeploymentPostprocessing = 0;
			shellPath = /bin/sh;
			shellScript = "if [[ -f \"${PODS_ROOT}/SwiftGen/bin/swiftgen\" ]]; then\n  \"${PODS_ROOT}/SwiftGen/bin/swiftgen\"\nelse\n  echo \"warning: SwiftGen is not installed. Run 'pod install --repo-update' to install it.\"\nfi \n\n";
		};
/* End PBXShellScriptBuildPhase section */

/* Begin PBXSourcesBuildPhase section */
		F97E3C192A013F75001C252E /* Sources */ = {
			isa = PBXSourcesBuildPhase;
			buildActionMask = 2147483647;
			files = (
				F97E3C252A013F75001C252E /* WeightHistoryViewController.swift in Sources */,
				F9B4BF2B2A08080400CB2F56 /* UIDate+Extension.swift in Sources */,
				F9BE328E2A03C6580079E485 /* WeightHistoryTableViewHeaderView.swift in Sources */,
				F97E3C5B2A014CC6001C252E /* WeightUnitService.swift in Sources */,
				F9B9A7972A128F0E00A5BB27 /* Strings+Generated.swift in Sources */,
				F975E6372A0169EF00DB955C /* CoreDataModel.xcdatamodeld in Sources */,
				F975E6462A01D39400DB955C /* WeightRecordCoreData.swift in Sources */,
				F9BE32952A0404EC0079E485 /* AddWeightView.swift in Sources */,
				F97E3C662A0159B8001C252E /* UIColor+Extension.swift in Sources */,
				F97E3C602A01546C001C252E /* UIView+Extension.swift in Sources */,
				F959705F2A08404A00FEA6B4 /* PredicateBuilder.swift in Sources */,
				F9BE32992A04108B0079E485 /* Formatters.swift in Sources */,
				F97E3C212A013F75001C252E /* AppDelegate.swift in Sources */,
				F9BE32972A0410710079E485 /* StringFormatter.swift in Sources */,
				F97E3C642A015636001C252E /* WeightHistoryCell.swift in Sources */,
				F9B9A79B2A12935200A5BB27 /* XCAssets+Generated.swift in Sources */,
				F9ED5E982A0521F30016FB35 /* UIViewController+Extension.swift in Sources */,
				F97E3C532A014895001C252E /* WeightHistoryViewModel.swift in Sources */,
				F975E6392A016A7100DB955C /* WeightRecordStore.swift in Sources */,
				F97E3C622A0155EB001C252E /* UITableView+Extension.swift in Sources */,
				F975E63F2A01854800DB955C /* Observable.swift in Sources */,
				F9BE32902A03CFA00079E485 /* UIImageExtension.swift in Sources */,
				F975E6442A01A87C00DB955C /* WeightHistoryCellViewModel.swift in Sources */,
				F9B4BF282A07C64B00CB2F56 /* UserInput.swift in Sources */,
				F975E63B2A016CEB00DB955C /* DataProvider.swift in Sources */,
				F9BE32922A03D12A0079E485 /* WeightHistoryHeaderView.swift in Sources */,
				F975E63D2A016E6D00DB955C /* Context.swift in Sources */,
				F9BE328A2A02C47A0079E485 /* WeightHistoryRecord.swift in Sources */,
				F97E3C232A013F75001C252E /* SceneDelegate.swift in Sources */,
				F9ED5E9A2A054B010016FB35 /* AddWeightViewModel.swift in Sources */,
			);
			runOnlyForDeploymentPostprocessing = 0;
		};
/* End PBXSourcesBuildPhase section */

/* Begin PBXVariantGroup section */
		F97E3C262A013F75001C252E /* Main.storyboard */ = {
			isa = PBXVariantGroup;
			children = (
				F97E3C272A013F75001C252E /* Base */,
			);
			name = Main.storyboard;
			sourceTree = "<group>";
		};
		F97E3C2B2A013F77001C252E /* LaunchScreen.storyboard */ = {
			isa = PBXVariantGroup;
			children = (
				F97E3C2C2A013F77001C252E /* Base */,
			);
			name = LaunchScreen.storyboard;
			sourceTree = "<group>";
		};
		F9B9A7932A128DFA00A5BB27 /* Localizable.strings */ = {
			isa = PBXVariantGroup;
			children = (
				F9B9A7922A128DFA00A5BB27 /* en */,
				F96C4E6E2A151CA200505F3F /* ru */,
			);
			name = Localizable.strings;
			sourceTree = "<group>";
		};
/* End PBXVariantGroup section */

/* Begin XCBuildConfiguration section */
		F97E3C452A013F78001C252E /* Debug */ = {
			isa = XCBuildConfiguration;
			buildSettings = {
				ALWAYS_SEARCH_USER_PATHS = NO;
				CLANG_ANALYZER_LOCALIZABILITY_NONLOCALIZED = YES;
				CLANG_ANALYZER_NONNULL = YES;
				CLANG_ANALYZER_NUMBER_OBJECT_CONVERSION = YES_AGGRESSIVE;
				CLANG_CXX_LANGUAGE_STANDARD = "gnu++20";
				CLANG_ENABLE_MODULES = YES;
				CLANG_ENABLE_OBJC_ARC = YES;
				CLANG_ENABLE_OBJC_WEAK = YES;
				CLANG_WARN_BLOCK_CAPTURE_AUTORELEASING = YES;
				CLANG_WARN_BOOL_CONVERSION = YES;
				CLANG_WARN_COMMA = YES;
				CLANG_WARN_CONSTANT_CONVERSION = YES;
				CLANG_WARN_DEPRECATED_OBJC_IMPLEMENTATIONS = YES;
				CLANG_WARN_DIRECT_OBJC_ISA_USAGE = YES_ERROR;
				CLANG_WARN_DOCUMENTATION_COMMENTS = YES;
				CLANG_WARN_EMPTY_BODY = YES;
				CLANG_WARN_ENUM_CONVERSION = YES;
				CLANG_WARN_INFINITE_RECURSION = YES;
				CLANG_WARN_INT_CONVERSION = YES;
				CLANG_WARN_NON_LITERAL_NULL_CONVERSION = YES;
				CLANG_WARN_OBJC_IMPLICIT_RETAIN_SELF = YES;
				CLANG_WARN_OBJC_LITERAL_CONVERSION = YES;
				CLANG_WARN_OBJC_ROOT_CLASS = YES_ERROR;
				CLANG_WARN_QUOTED_INCLUDE_IN_FRAMEWORK_HEADER = YES;
				CLANG_WARN_RANGE_LOOP_ANALYSIS = YES;
				CLANG_WARN_STRICT_PROTOTYPES = YES;
				CLANG_WARN_SUSPICIOUS_MOVE = YES;
				CLANG_WARN_UNGUARDED_AVAILABILITY = YES_AGGRESSIVE;
				CLANG_WARN_UNREACHABLE_CODE = YES;
				CLANG_WARN__DUPLICATE_METHOD_MATCH = YES;
				COPY_PHASE_STRIP = NO;
				DEBUG_INFORMATION_FORMAT = dwarf;
				ENABLE_STRICT_OBJC_MSGSEND = YES;
				ENABLE_TESTABILITY = YES;
				GCC_C_LANGUAGE_STANDARD = gnu11;
				GCC_DYNAMIC_NO_PIC = NO;
				GCC_NO_COMMON_BLOCKS = YES;
				GCC_OPTIMIZATION_LEVEL = 0;
				GCC_PREPROCESSOR_DEFINITIONS = (
					"DEBUG=1",
					"$(inherited)",
				);
				GCC_WARN_64_TO_32_BIT_CONVERSION = YES;
				GCC_WARN_ABOUT_RETURN_TYPE = YES_ERROR;
				GCC_WARN_UNDECLARED_SELECTOR = YES;
				GCC_WARN_UNINITIALIZED_AUTOS = YES_AGGRESSIVE;
				GCC_WARN_UNUSED_FUNCTION = YES;
				GCC_WARN_UNUSED_VARIABLE = YES;
				IPHONEOS_DEPLOYMENT_TARGET = 14.0;
				MTL_ENABLE_DEBUG_INFO = INCLUDE_SOURCE;
				MTL_FAST_MATH = YES;
				ONLY_ACTIVE_ARCH = YES;
				SDKROOT = iphoneos;
				SWIFT_ACTIVE_COMPILATION_CONDITIONS = DEBUG;
				SWIFT_OPTIMIZATION_LEVEL = "-Onone";
			};
			name = Debug;
		};
		F97E3C462A013F78001C252E /* Release */ = {
			isa = XCBuildConfiguration;
			buildSettings = {
				ALWAYS_SEARCH_USER_PATHS = NO;
				CLANG_ANALYZER_LOCALIZABILITY_NONLOCALIZED = YES;
				CLANG_ANALYZER_NONNULL = YES;
				CLANG_ANALYZER_NUMBER_OBJECT_CONVERSION = YES_AGGRESSIVE;
				CLANG_CXX_LANGUAGE_STANDARD = "gnu++20";
				CLANG_ENABLE_MODULES = YES;
				CLANG_ENABLE_OBJC_ARC = YES;
				CLANG_ENABLE_OBJC_WEAK = YES;
				CLANG_WARN_BLOCK_CAPTURE_AUTORELEASING = YES;
				CLANG_WARN_BOOL_CONVERSION = YES;
				CLANG_WARN_COMMA = YES;
				CLANG_WARN_CONSTANT_CONVERSION = YES;
				CLANG_WARN_DEPRECATED_OBJC_IMPLEMENTATIONS = YES;
				CLANG_WARN_DIRECT_OBJC_ISA_USAGE = YES_ERROR;
				CLANG_WARN_DOCUMENTATION_COMMENTS = YES;
				CLANG_WARN_EMPTY_BODY = YES;
				CLANG_WARN_ENUM_CONVERSION = YES;
				CLANG_WARN_INFINITE_RECURSION = YES;
				CLANG_WARN_INT_CONVERSION = YES;
				CLANG_WARN_NON_LITERAL_NULL_CONVERSION = YES;
				CLANG_WARN_OBJC_IMPLICIT_RETAIN_SELF = YES;
				CLANG_WARN_OBJC_LITERAL_CONVERSION = YES;
				CLANG_WARN_OBJC_ROOT_CLASS = YES_ERROR;
				CLANG_WARN_QUOTED_INCLUDE_IN_FRAMEWORK_HEADER = YES;
				CLANG_WARN_RANGE_LOOP_ANALYSIS = YES;
				CLANG_WARN_STRICT_PROTOTYPES = YES;
				CLANG_WARN_SUSPICIOUS_MOVE = YES;
				CLANG_WARN_UNGUARDED_AVAILABILITY = YES_AGGRESSIVE;
				CLANG_WARN_UNREACHABLE_CODE = YES;
				CLANG_WARN__DUPLICATE_METHOD_MATCH = YES;
				COPY_PHASE_STRIP = NO;
				DEBUG_INFORMATION_FORMAT = "dwarf-with-dsym";
				ENABLE_NS_ASSERTIONS = NO;
				ENABLE_STRICT_OBJC_MSGSEND = YES;
				GCC_C_LANGUAGE_STANDARD = gnu11;
				GCC_NO_COMMON_BLOCKS = YES;
				GCC_WARN_64_TO_32_BIT_CONVERSION = YES;
				GCC_WARN_ABOUT_RETURN_TYPE = YES_ERROR;
				GCC_WARN_UNDECLARED_SELECTOR = YES;
				GCC_WARN_UNINITIALIZED_AUTOS = YES_AGGRESSIVE;
				GCC_WARN_UNUSED_FUNCTION = YES;
				GCC_WARN_UNUSED_VARIABLE = YES;
				IPHONEOS_DEPLOYMENT_TARGET = 14.0;
				MTL_ENABLE_DEBUG_INFO = NO;
				MTL_FAST_MATH = YES;
				SDKROOT = iphoneos;
				SWIFT_COMPILATION_MODE = wholemodule;
				SWIFT_OPTIMIZATION_LEVEL = "-O";
				VALIDATE_PRODUCT = YES;
			};
			name = Release;
		};
		F97E3C482A013F78001C252E /* Debug */ = {
			isa = XCBuildConfiguration;
			baseConfigurationReference = 483BE8A5D82EAECC8582C60C /* Pods-WeightMonitor.debug.xcconfig */;
			buildSettings = {
				ASSETCATALOG_COMPILER_APPICON_NAME = AppIcon;
				ASSETCATALOG_COMPILER_GLOBAL_ACCENT_COLOR_NAME = AccentColor;
				CODE_SIGN_STYLE = Automatic;
				CURRENT_PROJECT_VERSION = 1;
				DEVELOPMENT_TEAM = LQ88P485N9;
				GENERATE_INFOPLIST_FILE = YES;
				INFOPLIST_FILE = WeightMonitor/Info.plist;
				INFOPLIST_KEY_UIApplicationSupportsIndirectInputEvents = YES;
				INFOPLIST_KEY_UILaunchStoryboardName = LaunchScreen;
				INFOPLIST_KEY_UIMainStoryboardFile = Main;
				INFOPLIST_KEY_UISupportedInterfaceOrientations = UIInterfaceOrientationPortrait;
				INFOPLIST_KEY_UISupportedInterfaceOrientations_iPad = "UIInterfaceOrientationLandscapeLeft UIInterfaceOrientationLandscapeRight UIInterfaceOrientationPortrait UIInterfaceOrientationPortraitUpsideDown";
				LD_RUNPATH_SEARCH_PATHS = (
					"$(inherited)",
					"@executable_path/Frameworks",
				);
				MARKETING_VERSION = 1.0;
				PRODUCT_BUNDLE_IDENTIFIER = sanya.WeightMonitor;
				PRODUCT_NAME = "$(TARGET_NAME)";
				SUPPORTED_PLATFORMS = "iphoneos iphonesimulator";
				SUPPORTS_MACCATALYST = NO;
				SUPPORTS_MAC_DESIGNED_FOR_IPHONE_IPAD = NO;
				SWIFT_EMIT_LOC_STRINGS = YES;
				SWIFT_VERSION = 5.0;
				TARGETED_DEVICE_FAMILY = 1;
			};
			name = Debug;
		};
		F97E3C492A013F78001C252E /* Release */ = {
			isa = XCBuildConfiguration;
			baseConfigurationReference = EDFF032653388B986A92C4F3 /* Pods-WeightMonitor.release.xcconfig */;
			buildSettings = {
				ASSETCATALOG_COMPILER_APPICON_NAME = AppIcon;
				ASSETCATALOG_COMPILER_GLOBAL_ACCENT_COLOR_NAME = AccentColor;
				CODE_SIGN_STYLE = Automatic;
				CURRENT_PROJECT_VERSION = 1;
				DEVELOPMENT_TEAM = LQ88P485N9;
				GENERATE_INFOPLIST_FILE = YES;
				INFOPLIST_FILE = WeightMonitor/Info.plist;
				INFOPLIST_KEY_UIApplicationSupportsIndirectInputEvents = YES;
				INFOPLIST_KEY_UILaunchStoryboardName = LaunchScreen;
				INFOPLIST_KEY_UIMainStoryboardFile = Main;
				INFOPLIST_KEY_UISupportedInterfaceOrientations = UIInterfaceOrientationPortrait;
				INFOPLIST_KEY_UISupportedInterfaceOrientations_iPad = "UIInterfaceOrientationLandscapeLeft UIInterfaceOrientationLandscapeRight UIInterfaceOrientationPortrait UIInterfaceOrientationPortraitUpsideDown";
				LD_RUNPATH_SEARCH_PATHS = (
					"$(inherited)",
					"@executable_path/Frameworks",
				);
				MARKETING_VERSION = 1.0;
				PRODUCT_BUNDLE_IDENTIFIER = sanya.WeightMonitor;
				PRODUCT_NAME = "$(TARGET_NAME)";
				SUPPORTED_PLATFORMS = "iphoneos iphonesimulator";
				SUPPORTS_MACCATALYST = NO;
				SUPPORTS_MAC_DESIGNED_FOR_IPHONE_IPAD = NO;
				SWIFT_EMIT_LOC_STRINGS = YES;
				SWIFT_VERSION = 5.0;
				TARGETED_DEVICE_FAMILY = 1;
			};
			name = Release;
		};
/* End XCBuildConfiguration section */

/* Begin XCConfigurationList section */
		F97E3C182A013F75001C252E /* Build configuration list for PBXProject "WeightMonitor" */ = {
			isa = XCConfigurationList;
			buildConfigurations = (
				F97E3C452A013F78001C252E /* Debug */,
				F97E3C462A013F78001C252E /* Release */,
			);
			defaultConfigurationIsVisible = 0;
			defaultConfigurationName = Release;
		};
		F97E3C472A013F78001C252E /* Build configuration list for PBXNativeTarget "WeightMonitor" */ = {
			isa = XCConfigurationList;
			buildConfigurations = (
				F97E3C482A013F78001C252E /* Debug */,
				F97E3C492A013F78001C252E /* Release */,
			);
			defaultConfigurationIsVisible = 0;
			defaultConfigurationName = Release;
		};
/* End XCConfigurationList section */

/* Begin XCVersionGroup section */
		F975E6352A0169EF00DB955C /* CoreDataModel.xcdatamodeld */ = {
			isa = XCVersionGroup;
			children = (
				F975E6362A0169EF00DB955C /* WeightRecordCoreData.xcdatamodel */,
			);
			currentVersion = F975E6362A0169EF00DB955C /* WeightRecordCoreData.xcdatamodel */;
			path = CoreDataModel.xcdatamodeld;
			sourceTree = "<group>";
			versionGroupType = wrapper.xcdatamodel;
		};
/* End XCVersionGroup section */
	};
	rootObject = F97E3C152A013F75001C252E /* Project object */;
}
